
Microsoft Visual Studio Solution File, Format Version 12.00
Project("{FAE04EC0-301F-11D3-BF4B-00C04F79EFBC}") = "AdsWebApp", "AdsWebApp.csproj", "{994C8A1B-EAD1-4462-8771-B01C19DCE31A}"
EndProject
Global
	GlobalSection(SolutionConfigurationPlatforms) = preSolution
		Debug|Any CPU = Debug|Any CPU
		Release|Any CPU = Release|Any CPU
	EndGlobalSection
	GlobalSection(ProjectConfigurationPlatforms) = postSolution
		{994C8A1B-EAD1-4462-8771-B01C19DCE31A}.Debug|Any CPU.ActiveCfg = Debug|Any CPU
		{994C8A1B-EAD1-4462-8771-B01C19DCE31A}.Debug|Any CPU.Build.0 = Debug|Any CPU
		{994C8A1B-EAD1-4462-8771-B01C19DCE31A}.Release|Any CPU.ActiveCfg = Release|Any CPU
		{994C8A1B-EAD1-4462-8771-B01C19DCE31A}.Release|Any CPU.Build.0 = Release|Any CPU
	EndGlobalSection
EndGlobal
